
Microsoft Visual Studio Solution File, Format Version 12.00
# Visual Studio Express 2012 for Windows Desktop
Project("{FAE04EC0-301F-11D3-BF4B-00C04F79EFBC}") = "DeSmuME_Watch", "DeSmuME_Watch\DeSmuME_Watch.csproj", "{169EA841-234E-42BB-8528-B6EF58D34B19}"
EndProject
Global
	GlobalSection(SolutionConfigurationPlatforms) = preSolution
		Debug|Any CPU = Debug|Any CPU
		Release|Any CPU = Release|Any CPU
	EndGlobalSection
	GlobalSection(ProjectConfigurationPlatforms) = postSolution
		{169EA841-234E-42BB-8528-B6EF58D34B19}.Debug|Any CPU.ActiveCfg = Debug|Any CPU
		{169EA841-234E-42BB-8528-B6EF58D34B19}.Debug|Any CPU.Build.0 = Debug|Any CPU
		{169EA841-234E-42BB-8528-B6EF58D34B19}.Release|Any CPU.ActiveCfg = Release|Any CPU
		{169EA841-234E-42BB-8528-B6EF58D34B19}.Release|Any CPU.Build.0 = Release|Any CPU
	EndGlobalSection
	GlobalSection(SolutionProperties) = preSolution
		HideSolutionNode = FALSE
	EndGlobalSection
EndGlobal
